
Microsoft Visual Studio Solution File, Format Version 12.00
# Visual Studio Version 17
VisualStudioVersion = 17.8.34330.188
MinimumVisualStudioVersion = 10.0.40219.1
Project("{FAE04EC0-301F-11D3-BF4B-00C04F79EFBC}") = "mayur_education", "mayur_education.csproj", "{D5AB3271-4640-44C6-AA58-EABEB48BAE94}"
EndProject
Global
	GlobalSection(SolutionConfigurationPlatforms) = preSolution
		Debug|Any CPU = Debug|Any CPU
		Release|Any CPU = Release|Any CPU
	EndGlobalSection
	GlobalSection(ProjectConfigurationPlatforms) = postSolution
		{D5AB3271-4640-44C6-AA58-EABEB48BAE94}.Debug|Any CPU.ActiveCfg = Debug|Any CPU
		{D5AB3271-4640-44C6-AA58-EABEB48BAE94}.Debug|Any CPU.Build.0 = Debug|Any CPU
		{D5AB3271-4640-44C6-AA58-EABEB48BAE94}.Release|Any CPU.ActiveCfg = Release|Any CPU
		{D5AB3271-4640-44C6-AA58-EABEB48BAE94}.Release|Any CPU.Build.0 = Release|Any CPU
	EndGlobalSection
	GlobalSection(SolutionProperties) = preSolution
		HideSolutionNode = FALSE
	EndGlobalSection
	GlobalSection(ExtensibilityGlobals) = postSolution
		SolutionGuid = {E5070F98-D50C-451E-A5BF-50156ABD379A}
	EndGlobalSection
EndGlobal
